<Solution>
  <Configurations>
    <Platform Name="Any CPU" />
    <Platform Name="x64" />
    <Platform Name="x86" />
  </Configurations>
  <Folder Name="/src/">
    <Project Path="src/Slugify.Core/Slugify.Core.csproj" />
  </Folder>
  <Folder Name="/tests/">
    <Project Path="tests/Slugify.Core.Benchmarks/Slugify.Core.Benchmarks.csproj" />
    <Project Path="tests/Slugify.Core.Tests/Slugify.Core.Tests.csproj" />
  </Folder>
</Solution>
