Microsoft Visual Studio Solution File, Format Version 12.00
# Visual Studio Version 16
VisualStudioVersion = 16.0.30011.22
MinimumVisualStudioVersion = 10.0.40219.1
Project("{2150E333-8FDC-42A3-9474-1A3956D46DE8}") = "src", "src", "{321AAEAA-F675-4B15-80B5-3FF2E6A15602}"
EndProject
Project("{2150E333-8FDC-42A3-9474-1A3956D46DE8}") = "tests", "tests", "{28DEE6D8-053D-4364-9DD5-F3744E58CF54}"
EndProject
Project("{9A19103F-16F7-4668-BE54-9A1E7A4F7556}") = "Slugify.Core", "src\Slugify.Core\Slugify.Core.csproj", "{CC5D3071-57A3-442C-8ACC-E543DA0A8E20}"
EndProject
Project("{9A19103F-16F7-4668-BE54-9A1E7A4F7556}") = "Slugify.Core.Tests", "tests\Slugify.Core.Tests\Slugify.Core.Tests.csproj", "{A3717955-9FC4-41EB-B389-1A610D64B3B6}"
EndProject
Global
	GlobalSection(SolutionConfigurationPlatforms) = preSolution
		Debug|Any CPU = Debug|Any CPU
		Debug|x64 = Debug|x64
		Debug|x86 = Debug|x86
		Release|Any CPU = Release|Any CPU
		Release|x64 = Release|x64
		Release|x86 = Release|x86
	EndGlobalSection
	GlobalSection(ProjectConfigurationPlatforms) = postSolution
		{CC5D3071-57A3-442C-8ACC-E543DA0A8E20}.Debug|Any CPU.ActiveCfg = Debug|Any CPU
		{CC5D3071-57A3-442C-8ACC-E543DA0A8E20}.Debug|Any CPU.Build.0 = Debug|Any CPU
		{CC5D3071-57A3-442C-8ACC-E543DA0A8E20}.Debug|x64.ActiveCfg = Debug|Any CPU
		{CC5D3071-57A3-442C-8ACC-E543DA0A8E20}.Debug|x64.Build.0 = Debug|Any CPU
		{CC5D3071-57A3-442C-8ACC-E543DA0A8E20}.Debug|x86.ActiveCfg = Debug|Any CPU
		{CC5D3071-57A3-442C-8ACC-E543DA0A8E20}.Debug|x86.Build.0 = Debug|Any CPU
		{CC5D3071-57A3-442C-8ACC-E543DA0A8E20}.Release|Any CPU.ActiveCfg = Release|Any CPU
		{CC5D3071-57A3-442C-8ACC-E543DA0A8E20}.Release|Any CPU.Build.0 = Release|Any CPU
		{CC5D3071-57A3-442C-8ACC-E543DA0A8E20}.Release|x64.ActiveCfg = Release|Any CPU
		{CC5D3071-57A3-442C-8ACC-E543DA0A8E20}.Release|x64.Build.0 = Release|Any CPU
		{CC5D3071-57A3-442C-8ACC-E543DA0A8E20}.Release|x86.ActiveCfg = Release|Any CPU
		{CC5D3071-57A3-442C-8ACC-E543DA0A8E20}.Release|x86.Build.0 = Release|Any CPU
		{A3717955-9FC4-41EB-B389-1A610D64B3B6}.Debug|Any CPU.ActiveCfg = Debug|Any CPU
		{A3717955-9FC4-41EB-B389-1A610D64B3B6}.Debug|Any CPU.Build.0 = Debug|Any CPU
		{A3717955-9FC4-41EB-B389-1A610D64B3B6}.Debug|x64.ActiveCfg = Debug|Any CPU
		{A3717955-9FC4-41EB-B389-1A610D64B3B6}.Debug|x64.Build.0 = Debug|Any CPU
		{A3717955-9FC4-41EB-B389-1A610D64B3B6}.Debug|x86.ActiveCfg = Debug|Any CPU
		{A3717955-9FC4-41EB-B389-1A610D64B3B6}.Debug|x86.Build.0 = Debug|Any CPU
		{A3717955-9FC4-41EB-B389-1A610D64B3B6}.Release|Any CPU.ActiveCfg = Release|Any CPU
		{A3717955-9FC4-41EB-B389-1A610D64B3B6}.Release|Any CPU.Build.0 = Release|Any CPU
		{A3717955-9FC4-41EB-B389-1A610D64B3B6}.Release|x64.ActiveCfg = Release|Any CPU
		{A3717955-9FC4-41EB-B389-1A610D64B3B6}.Release|x64.Build.0 = Release|Any CPU
		{A3717955-9FC4-41EB-B389-1A610D64B3B6}.Release|x86.ActiveCfg = Release|Any CPU
		{A3717955-9FC4-41EB-B389-1A610D64B3B6}.Release|x86.Build.0 = Release|Any CPU
	EndGlobalSection
	GlobalSection(SolutionProperties) = preSolution
		HideSolutionNode = FALSE
	EndGlobalSection
	GlobalSection(NestedProjects) = preSolution
		{CC5D3071-57A3-442C-8ACC-E543DA0A8E20} = {321AAEAA-F675-4B15-80B5-3FF2E6A15602}
		{A3717955-9FC4-41EB-B389-1A610D64B3B6} = {28DEE6D8-053D-4364-9DD5-F3744E58CF54}
	EndGlobalSection
	GlobalSection(ExtensibilityGlobals) = postSolution
		SolutionGuid = {189B8864-9AE7-4F2D-BFAC-5368F94F26E2}
	EndGlobalSection
EndGlobal
